{
  "name": "drools-bpmn-test",
  "version": "0.1.0",
  "lockfileVersion": 2,
  "requires": true,
  "packages": {
    "": {
      "name": "drools-bpmn-test",
      "version": "0.1.0",
      "license": "MIT",
      "dependencies": {
        "bpmn-moddle": "^9.0.1",
        "xsd-schema-validator": "^0.9.0"
      }
    },
    "node_modules/bpmn-moddle": {
      "version": "9.0.1",
      "resolved": "https://registry.npmjs.org/bpmn-moddle/-/bpmn-moddle-9.0.1.tgz",
      "integrity": "sha512-jO2P5RBx0cZCCd+imqhpNE5anttaYuGd71u76NEA/qMZwJSW1t5ETAtw9/E2InfiPU2w0TR8oxPyopJXRc9VQg==",
      "dependencies": {
        "min-dash": "^4.2.1",
        "moddle": "^7.0.0",
        "moddle-xml": "^11.0.0"
      },
      "engines": {
        "node": ">= 18"
      }
    },
    "node_modules/isexe": {
      "version": "3.1.1",
      "resolved": "https://registry.npmjs.org/isexe/-/isexe-3.1.1.tgz",
      "integrity": "sha512-LpB/54B+/2J5hqQ7imZHfdU31OlgQqx7ZicVlkm9kzg9/w8GKLEcFfJl/t7DCEDueOyBAD6zCCwTO6Fzs0NoEQ==",
      "engines": {
        "node": ">=16"
      }
    },
    "node_modules/min-dash": {
      "version": "4.2.1",
      "resolved": "https://registry.npmjs.org/min-dash/-/min-dash-4.2.1.tgz",
      "integrity": "sha512-to+unsToePnm7cUeR9TrMzFlETHd/UXmU+ELTRfWZj5XGT41KF6X3L233o3E/GdEs3sk2Tbw/lOLD1avmWkg8A=="
    },
    "node_modules/moddle": {
      "version": "7.0.0",
      "resolved": "https://registry.npmjs.org/moddle/-/moddle-7.0.0.tgz",
      "integrity": "sha512-Hpte2hfKDwoZWPvDngsEHjloPnO+sKMUVkAPc0r9PrpnVLqsyPUTV0ZQU8CAp87YmRZ9QzeQMJxdKbaP9vEIKA==",
      "dependencies": {
        "min-dash": "^4.2.1"
      }
    },
    "node_modules/moddle-xml": {
      "version": "11.0.0",
      "resolved": "https://registry.npmjs.org/moddle-xml/-/moddle-xml-11.0.0.tgz",
      "integrity": "sha512-L3Sseepfcq9Uy0iIfqEDTXSoYLva1Y/JGbN/4AMOeQ6cqbu8Ma/SDJIdOFm7smsAa64j2z3SwCGG3FIilQVnUg==",
      "dependencies": {
        "min-dash": "^4.0.0",
        "saxen": "^10.0.0"
      },
      "engines": {
        "node": ">= 18"
      },
      "peerDependencies": {
        "moddle": ">= 6.2.0"
      }
    },
    "node_modules/saxen": {
      "version": "10.0.0",
      "resolved": "https://registry.npmjs.org/saxen/-/saxen-10.0.0.tgz",
      "integrity": "sha512-RXsmWok/SAWqOG/f5ADEz51DN9WtZEzqih3e08ranldcaXekxjx8NBKjGh/y5hlowjo0JH/LekBu6gtPFD1G6g==",
      "engines": {
        "node": ">= 18"
      }
    },
    "node_modules/which": {
      "version": "4.0.0",
      "resolved": "https://registry.npmjs.org/which/-/which-4.0.0.tgz",
      "integrity": "sha512-GlaYyEb07DPxYCKhKzplCWBJtvxZcZMrL+4UkrTSJHHPyZU4mYYTv3qaOe77H7EODLSSopAUFAc6W8U4yqvscg==",
      "dependencies": {
        "isexe": "^3.1.1"
      },
      "bin": {
        "node-which": "bin/which.js"
      },
      "engines": {
        "node": "^16.13.0 || >=18.0.0"
      }
    },
    "node_modules/xsd-schema-validator": {
      "version": "0.9.0",
      "resolved": "https://registry.npmjs.org/xsd-schema-validator/-/xsd-schema-validator-0.9.0.tgz",
      "integrity": "sha512-Hmz9i6C+RRVStQsQueKWsTC7yRNbNJ8qQ7mbghbkOrNkmrxcJJFqbOAofAznCA5x5vjJJUdCP/CI1G+RYRFePA==",
      "hasInstallScript": true,
      "dependencies": {
        "which": "^4.0.0"
      },
      "engines": {
        "node": ">= 16"
      }
    }
  },
  "dependencies": {
    "bpmn-moddle": {
      "version": "9.0.1",
      "resolved": "https://registry.npmjs.org/bpmn-moddle/-/bpmn-moddle-9.0.1.tgz",
      "integrity": "sha512-jO2P5RBx0cZCCd+imqhpNE5anttaYuGd71u76NEA/qMZwJSW1t5ETAtw9/E2InfiPU2w0TR8oxPyopJXRc9VQg==",
      "requires": {
        "min-dash": "^4.2.1",
        "moddle": "^7.0.0",
        "moddle-xml": "^11.0.0"
      }
    },
    "isexe": {
      "version": "3.1.1",
      "resolved": "https://registry.npmjs.org/isexe/-/isexe-3.1.1.tgz",
      "integrity": "sha512-LpB/54B+/2J5hqQ7imZHfdU31OlgQqx7ZicVlkm9kzg9/w8GKLEcFfJl/t7DCEDueOyBAD6zCCwTO6Fzs0NoEQ=="
    },
    "min-dash": {
      "version": "4.2.1",
      "resolved": "https://registry.npmjs.org/min-dash/-/min-dash-4.2.1.tgz",
      "integrity": "sha512-to+unsToePnm7cUeR9TrMzFlETHd/UXmU+ELTRfWZj5XGT41KF6X3L233o3E/GdEs3sk2Tbw/lOLD1avmWkg8A=="
    },
    "moddle": {
      "version": "7.0.0",
      "resolved": "https://registry.npmjs.org/moddle/-/moddle-7.0.0.tgz",
      "integrity": "sha512-Hpte2hfKDwoZWPvDngsEHjloPnO+sKMUVkAPc0r9PrpnVLqsyPUTV0ZQU8CAp87YmRZ9QzeQMJxdKbaP9vEIKA==",
      "requires": {
        "min-dash": "^4.2.1"
      }
    },
    "moddle-xml": {
      "version": "11.0.0",
      "resolved": "https://registry.npmjs.org/moddle-xml/-/moddle-xml-11.0.0.tgz",
      "integrity": "sha512-L3Sseepfcq9Uy0iIfqEDTXSoYLva1Y/JGbN/4AMOeQ6cqbu8Ma/SDJIdOFm7smsAa64j2z3SwCGG3FIilQVnUg==",
      "requires": {
        "min-dash": "^4.0.0",
        "saxen": "^10.0.0"
      }
    },
    "saxen": {
      "version": "10.0.0",
      "resolved": "https://registry.npmjs.org/saxen/-/saxen-10.0.0.tgz",
      "integrity": "sha512-RXsmWok/SAWqOG/f5ADEz51DN9WtZEzqih3e08ranldcaXekxjx8NBKjGh/y5hlowjo0JH/LekBu6gtPFD1G6g=="
    },
    "which": {
      "version": "4.0.0",
      "resolved": "https://registry.npmjs.org/which/-/which-4.0.0.tgz",
      "integrity": "sha512-GlaYyEb07DPxYCKhKzplCWBJtvxZcZMrL+4UkrTSJHHPyZU4mYYTv3qaOe77H7EODLSSopAUFAc6W8U4yqvscg==",
      "requires": {
        "isexe": "^3.1.1"
      }
    },
    "xsd-schema-validator": {
      "version": "0.9.0",
      "resolved": "https://registry.npmjs.org/xsd-schema-validator/-/xsd-schema-validator-0.9.0.tgz",
      "integrity": "sha512-Hmz9i6C+RRVStQsQueKWsTC7yRNbNJ8qQ7mbghbkOrNkmrxcJJFqbOAofAznCA5x5vjJJUdCP/CI1G+RYRFePA==",
      "requires": {
        "which": "^4.0.0"
      }
    }
  }
}
